// !$*UTF8*$!
{
	archiveVersion = 1;
	classes = {
	};
	objectVersion = 90;
	objects = {

/* Begin PBXBuildFile section */
		3FF9C9736A73404B91138ABF /* Sentry in Frameworks */ = {isa = PBXBuildFile; productRef = 8057D3D7E81148768B568F9D /* Sentry */; };
		D5056BD82E3A048700398086 /* openapi-generator-config.yaml in Resources */ = {isa = PBXBuildFile; fileRef = D5056BD62E3A048700398086 /* openapi-generator-config.yaml */; };
		D5056C152E3A060900398086 /* OpenAPIRuntime in Frameworks */ = {isa = PBXBuildFile; productRef = D5056C142E3A060900398086 /* OpenAPIRuntime */; };
		D5056C182E3A062200398086 /* OpenAPIURLSession in Frameworks */ = {isa = PBXBuildFile; productRef = D5056C172E3A062200398086 /* OpenAPIURLSession */; };
		D53CD02C2E24E56000A56DAB /* (null) in Frameworks */ = {isa = PBXBuildFile; };
		D53CD02D2E24E56000A56DAB /* (null) in Frameworks */ = {isa = PBXBuildFile; };
		D5451D252E3A9D9600A810A2 /* openapi.yaml in Resources */ = {isa = PBXBuildFile; fileRef = D5451D242E3A9D9600A810A2 /* openapi.yaml */; };
		D54BD2CE2E4E22F700C87437 /* ZipArchive in Frameworks */ = {isa = PBXBuildFile; productRef = D54BD2CD2E4E22F700C87437 /* ZipArchive */; };
		D54BD2D02E4E22FC00C87437 /* ZipArchive in Frameworks */ = {isa = PBXBuildFile; productRef = D54BD2CF2E4E22FC00C87437 /* ZipArchive */; };
		D59519E22E43A58F00AFF7C2 /* ZipArchive in Frameworks */ = {isa = PBXBuildFile; productRef = D59519E12E43A58F00AFF7C2 /* ZipArchive */; };
		D59C2FA02DC15848000610EE /* MarkdownUI in Frameworks */ = {isa = PBXBuildFile; productRef = D59C2F9F2DC15848000610EE /* MarkdownUI */; };
		D5E6128D2E3B85440050C3EC /* KeychainAccess in Frameworks */ = {isa = PBXBuildFile; productRef = D5E6128C2E3B85440050C3EC /* KeychainAccess */; };
/* End PBXBuildFile section */

/* Begin PBXContainerItemProxy section */
		D53ACB662DB18B9000CE4D45 /* PBXContainerItemProxy */ = {
			isa = PBXContainerItemProxy;
			containerPortal = D53ACB4E2DB18B8F00CE4D45 /* Project object */;
			proxyType = 1;
			remoteGlobalIDString = D53ACB552DB18B8F00CE4D45;
			remoteInfo = "Ogonek Swift";
		};
		D53ACB702DB18B9000CE4D45 /* PBXContainerItemProxy */ = {
			isa = PBXContainerItemProxy;
			containerPortal = D53ACB4E2DB18B8F00CE4D45 /* Project object */;
			proxyType = 1;
			remoteGlobalIDString = D53ACB552DB18B8F00CE4D45;
			remoteInfo = "Ogonek Swift";
		};
/* End PBXContainerItemProxy section */

/* Begin PBXFileReference section */
		D5056BD62E3A048700398086 /* openapi-generator-config.yaml */ = {isa = PBXFileReference; lastKnownFileType = text.yaml; path = "openapi-generator-config.yaml"; sourceTree = "<group>"; };
		D53ACB562DB18B8F00CE4D45 /* Ogonek.app */ = {isa = PBXFileReference; explicitFileType = wrapper.application; includeInIndex = 0; path = Ogonek.app; sourceTree = BUILT_PRODUCTS_DIR; };
		D53ACB652DB18B9000CE4D45 /* OgonekTests.xctest */ = {isa = PBXFileReference; explicitFileType = wrapper.cfbundle; includeInIndex = 0; path = OgonekTests.xctest; sourceTree = BUILT_PRODUCTS_DIR; };
		D53ACB6F2DB18B9000CE4D45 /* OgonekUITests.xctest */ = {isa = PBXFileReference; explicitFileType = wrapper.cfbundle; includeInIndex = 0; path = OgonekUITests.xctest; sourceTree = BUILT_PRODUCTS_DIR; };
		D5451D242E3A9D9600A810A2 /* openapi.yaml */ = {isa = PBXFileReference; lastKnownFileType = text.yaml; path = openapi.yaml; sourceTree = "<group>"; };
/* End PBXFileReference section */

/* Begin PBXFileSystemSynchronizedBuildFileExceptionSet section */
		D5902B4E2E4D222900966BDF /* Exceptions for "Ogonek" folder in "Ogonek" target */ = {
			isa = PBXFileSystemSynchronizedBuildFileExceptionSet;
			membershipExceptions = (
				Info.plist,
			);
			target = D53ACB552DB18B8F00CE4D45 /* Ogonek */;
		};
		D5A4B61E2DC0DE2300520DD1 /* Exceptions for "Ogonek" folder in "OgonekTests" target */ = {
			isa = PBXFileSystemSynchronizedBuildFileExceptionSet;
			membershipExceptions = (
				MockData/TestData.swift,
			);
			target = D53ACB642DB18B9000CE4D45 /* OgonekTests */;
		};
		D5BBAFDD2E4E190100DA24E3 /* Exceptions for "Tests" folder in "Ogonek" target */ = {
			isa = PBXFileSystemSynchronizedBuildFileExceptionSet;
			membershipExceptions = (
				UITests/LoginUITests.swift,
				UITests/OgonekUITests.swift,
				UITests/OgonekUITestsLaunchTests.swift,
				UnitTests/LoginViewModelTests.swift,
				UnitTests/TestHelpers/MockAPIService.swift,
				UnitTests/TestHelpers/TestConfiguration.swift,
			);
			target = D53ACB552DB18B8F00CE4D45 /* Ogonek */;
		};
		D5BBAFDE2E4E190100DA24E3 /* Exceptions for "Tests" folder in "OgonekTests" target */ = {
			isa = PBXFileSystemSynchronizedBuildFileExceptionSet;
			membershipExceptions = (
				UnitTests/LoginViewModelTests.swift,
				UnitTests/TestHelpers/MockAPIService.swift,
				UnitTests/TestHelpers/TestConfiguration.swift,
			);
			target = D53ACB642DB18B9000CE4D45 /* OgonekTests */;
		};
		D5BBAFDF2E4E190100DA24E3 /* Exceptions for "Tests" folder in "OgonekUITests" target */ = {
			isa = PBXFileSystemSynchronizedBuildFileExceptionSet;
			membershipExceptions = (
				UITests/LoginUITests.swift,
				UITests/OgonekUITests.swift,
				UITests/OgonekUITestsLaunchTests.swift,
			);
			target = D53ACB6E2DB18B9000CE4D45 /* OgonekUITests */;
		};
/* End PBXFileSystemSynchronizedBuildFileExceptionSet section */

/* Begin PBXFileSystemSynchronizedRootGroup section */
		D53ACB582DB18B8F00CE4D45 /* Ogonek */ = {
			isa = PBXFileSystemSynchronizedRootGroup;
			exceptions = (
				D5902B4E2E4D222900966BDF /* Exceptions for "Ogonek" folder in "Ogonek" target */,
				D5A4B61E2DC0DE2300520DD1 /* Exceptions for "Ogonek" folder in "OgonekTests" target */,
			);
			path = Ogonek;
			sourceTree = "<group>";
		};
		D5BBAFD02E4E18FB00DA24E3 /* Tests */ = {
			isa = PBXFileSystemSynchronizedRootGroup;
			exceptions = (
				D5BBAFDD2E4E190100DA24E3 /* Exceptions for "Tests" folder in "Ogonek" target */,
				D5BBAFDE2E4E190100DA24E3 /* Exceptions for "Tests" folder in "OgonekTests" target */,
				D5BBAFDF2E4E190100DA24E3 /* Exceptions for "Tests" folder in "OgonekUITests" target */,
			);
			path = Tests;
			sourceTree = "<group>";
		};
/* End PBXFileSystemSynchronizedRootGroup section */

/* Begin PBXFrameworksBuildPhase section */
		D53ACB532DB18B8F00CE4D45 /* Frameworks */ = {
			isa = PBXFrameworksBuildPhase;
			files = (
				D5056C182E3A062200398086 /* OpenAPIURLSession in Frameworks */,
				D59C2FA02DC15848000610EE /* MarkdownUI in Frameworks */,
				D5056C152E3A060900398086 /* OpenAPIRuntime in Frameworks */,
				3FF9C9736A73404B91138ABF /* Sentry in Frameworks */,
				D5E6128D2E3B85440050C3EC /* KeychainAccess in Frameworks */,
				D59519E22E43A58F00AFF7C2 /* ZipArchive in Frameworks */,
			);
		};
		D53ACB622DB18B9000CE4D45 /* Frameworks */ = {
			isa = PBXFrameworksBuildPhase;
			files = (
				D53CD02C2E24E56000A56DAB /* (null) in Frameworks */,
				D54BD2D02E4E22FC00C87437 /* ZipArchive in Frameworks */,
			);
		};
		D53ACB6C2DB18B9000CE4D45 /* Frameworks */ = {
			isa = PBXFrameworksBuildPhase;
			files = (
				D53CD02D2E24E56000A56DAB /* (null) in Frameworks */,
				D54BD2CE2E4E22F700C87437 /* ZipArchive in Frameworks */,
			);
		};
/* End PBXFrameworksBuildPhase section */

/* Begin PBXGroup section */
		D53ACB4D2DB18B8F00CE4D45 = {
			isa = PBXGroup;
			children = (
				D53ACB582DB18B8F00CE4D45 /* Ogonek */,
				D59C2F9E2DC15848000610EE /* Frameworks */,
				D53ACB572DB18B8F00CE4D45 /* Products */,
				D5056BD62E3A048700398086 /* openapi-generator-config.yaml */,
				D5451D242E3A9D9600A810A2 /* openapi.yaml */,
				D5BBAFD02E4E18FB00DA24E3 /* Tests */,
			);
			sourceTree = "<group>";
		};
		D53ACB572DB18B8F00CE4D45 /* Products */ = {
			isa = PBXGroup;
			children = (
				D53ACB562DB18B8F00CE4D45 /* Ogonek.app */,
				D53ACB652DB18B9000CE4D45 /* OgonekTests.xctest */,
				D53ACB6F2DB18B9000CE4D45 /* OgonekUITests.xctest */,
			);
			name = Products;
			sourceTree = "<group>";
		};
		D59C2F9E2DC15848000610EE /* Frameworks */ = {
			isa = PBXGroup;
			children = (
			);
			name = Frameworks;
			sourceTree = "<group>";
		};
/* End PBXGroup section */

/* Begin PBXNativeTarget section */
		D53ACB552DB18B8F00CE4D45 /* Ogonek */ = {
			isa = PBXNativeTarget;
			buildConfigurationList = D53ACB792DB18B9000CE4D45 /* Build configuration list for PBXNativeTarget "Ogonek" */;
			buildPhases = (
				D53ACB522DB18B8F00CE4D45 /* Sources */,
				D53ACB532DB18B8F00CE4D45 /* Frameworks */,
				D53ACB542DB18B8F00CE4D45 /* Resources */,
				4A98125C60444DE2AEEF5C41 /* Upload Debug Symbols to Sentry */,
			);
			buildRules = (
			);
			dependencies = (
				D5056C0E2E3A04FB00398086 /* PBXTargetDependency */,
			);
			fileSystemSynchronizedGroups = (
				D53ACB582DB18B8F00CE4D45 /* Ogonek */,
				D5BBAFD02E4E18FB00DA24E3 /* Tests */,
			);
			name = Ogonek;
			packageProductDependencies = (
				D59C2F9F2DC15848000610EE /* MarkdownUI */,
				8057D3D7E81148768B568F9D /* Sentry */,
				D5056C142E3A060900398086 /* OpenAPIRuntime */,
				D5056C172E3A062200398086 /* OpenAPIURLSession */,
				D5E6128C2E3B85440050C3EC /* KeychainAccess */,
				D59519E12E43A58F00AFF7C2 /* ZipArchive */,
			);
			productName = "Ogonek Swift";
			productReference = D53ACB562DB18B8F00CE4D45 /* Ogonek.app */;
			productType = "com.apple.product-type.application";
		};
		D53ACB642DB18B9000CE4D45 /* OgonekTests */ = {
			isa = PBXNativeTarget;
			buildConfigurationList = D53ACB7C2DB18B9000CE4D45 /* Build configuration list for PBXNativeTarget "OgonekTests" */;
			buildPhases = (
				D53ACB612DB18B9000CE4D45 /* Sources */,
				D53ACB622DB18B9000CE4D45 /* Frameworks */,
				D53ACB632DB18B9000CE4D45 /* Resources */,
			);
			buildRules = (
			);
			dependencies = (
				D53ACB672DB18B9000CE4D45 /* PBXTargetDependency */,
			);
			name = OgonekTests;
			packageProductDependencies = (
				D54BD2CF2E4E22FC00C87437 /* ZipArchive */,
			);
			productName = "Ogonek SwiftTests";
			productReference = D53ACB652DB18B9000CE4D45 /* OgonekTests.xctest */;
			productType = "com.apple.product-type.bundle.unit-test";
		};
		D53ACB6E2DB18B9000CE4D45 /* OgonekUITests */ = {
			isa = PBXNativeTarget;
			buildConfigurationList = D53ACB7F2DB18B9000CE4D45 /* Build configuration list for PBXNativeTarget "OgonekUITests" */;
			buildPhases = (
				D53ACB6B2DB18B9000CE4D45 /* Sources */,
				D53ACB6C2DB18B9000CE4D45 /* Frameworks */,
				D53ACB6D2DB18B9000CE4D45 /* Resources */,
			);
			buildRules = (
			);
			dependencies = (
				D53ACB712DB18B9000CE4D45 /* PBXTargetDependency */,
			);
			name = OgonekUITests;
			packageProductDependencies = (
				D54BD2CD2E4E22F700C87437 /* ZipArchive */,
			);
			productName = "Ogonek SwiftUITests";
			productReference = D53ACB6F2DB18B9000CE4D45 /* OgonekUITests.xctest */;
			productType = "com.apple.product-type.bundle.ui-testing";
		};
/* End PBXNativeTarget section */

/* Begin PBXProject section */
		D53ACB4E2DB18B8F00CE4D45 /* Project object */ = {
			isa = PBXProject;
			attributes = {
				BuildIndependentTargetsInParallel = 1;
				LastSwiftUpdateCheck = 1640;
				LastUpgradeCheck = 1640;
				TargetAttributes = {
					D53ACB552DB18B8F00CE4D45 = {
						CreatedOnToolsVersion = 16.3;
					};
					D53ACB642DB18B9000CE4D45 = {
						CreatedOnToolsVersion = 16.3;
						TestTargetID = D53ACB552DB18B8F00CE4D45;
					};
					D53ACB6E2DB18B9000CE4D45 = {
						CreatedOnToolsVersion = 16.3;
						TestTargetID = D53ACB552DB18B8F00CE4D45;
					};
				};
			};
			buildConfigurationList = D53ACB512DB18B8F00CE4D45 /* Build configuration list for PBXProject "Ogonek" */;
			developmentRegion = en;
			hasScannedForEncodings = 0;
			knownRegions = (
				en,
				Base,
			);
			mainGroup = D53ACB4D2DB18B8F00CE4D45;
			minimizedProjectReferenceProxies = 1;
			packageReferences = (
				D5A4B6482DC155A700520DD1 /* XCRemoteSwiftPackageReference "swift-markdown-ui" */,
				3E08019C3C354FB0A4397C32 /* XCRemoteSwiftPackageReference "sentry-cocoa" */,
				D510ACD42E37C4E700BD3C54 /* XCRemoteSwiftPackageReference "swift-openapi-generator" */,
				D5056C132E3A060900398086 /* XCRemoteSwiftPackageReference "swift-openapi-runtime" */,
				D5056C162E3A062200398086 /* XCRemoteSwiftPackageReference "swift-openapi-urlsession" */,
				D5E6128B2E3B85440050C3EC /* XCRemoteSwiftPackageReference "KeychainAccess" */,
				D55BCD3E2E3B999E0021896D /* XCRemoteSwiftPackageReference "SwiftLintPlugins" */,
				D59519E02E43A58F00AFF7C2 /* XCRemoteSwiftPackageReference "ZipArchive" */,
			);
			preferredProjectObjectVersion = 90;
			productRefGroup = D53ACB572DB18B8F00CE4D45 /* Products */;
			projectDirPath = "";
			projectRoot = "";
			targets = (
				D53ACB552DB18B8F00CE4D45 /* Ogonek */,
				D53ACB642DB18B9000CE4D45 /* OgonekTests */,
				D53ACB6E2DB18B9000CE4D45 /* OgonekUITests */,
			);
		};
/* End PBXProject section */

/* Begin PBXResourcesBuildPhase section */
		D53ACB542DB18B8F00CE4D45 /* Resources */ = {
			isa = PBXResourcesBuildPhase;
			files = (
				D5056BD82E3A048700398086 /* openapi-generator-config.yaml in Resources */,
				D5451D252E3A9D9600A810A2 /* openapi.yaml in Resources */,
			);
		};
		D53ACB632DB18B9000CE4D45 /* Resources */ = {
			isa = PBXResourcesBuildPhase;
			files = (
			);
		};
		D53ACB6D2DB18B9000CE4D45 /* Resources */ = {
			isa = PBXResourcesBuildPhase;
			files = (
			);
		};
/* End PBXResourcesBuildPhase section */

/* Begin PBXShellScriptBuildPhase section */
		4A98125C60444DE2AEEF5C41 /* Upload Debug Symbols to Sentry */ = {
			isa = PBXShellScriptBuildPhase;
			inputPaths = (
				"${DWARF_DSYM_FOLDER_PATH}/${DWARF_DSYM_FILE_NAME}/Contents/Resources/DWARF/${TARGET_NAME}",
			);
			name = "Upload Debug Symbols to Sentry";
			shellPath = /bin/sh;
			shellScript = (
				"# This script is responsible for uploading debug symbols and source context for Sentry.",
				"if which sentry-cli >/dev/null; then",
				"export SENTRY_ORG=danila-volkov",
				"export SENTRY_PROJECT=ogonek",
				"ERROR=$(sentry-cli debug-files upload --include-sources \"$DWARF_DSYM_FOLDER_PATH\" 2>&1 >/dev/null)",
				"if [ ! $? -eq 0 ]; then",
				"echo \"warning: sentry-cli - $ERROR\"",
				"fi",
				"else",
				"echo \"warning: sentry-cli not installed, download from https://github.com/getsentry/sentry-cli/releases\"",
				"fi",
				"",
				"",
				"",
				"",
				"",
				"",
				"",
				"",
				"",
				"",
				"",
				"",
				"",
				"",
				"",
				"",
				"",
				"",
				"",
				"",
				"",
				"",
				"",
				"",
				"",
				"",
				"",
				"",
				"",
			);
		};
/* End PBXShellScriptBuildPhase section */

/* Begin PBXSourcesBuildPhase section */
		D53ACB522DB18B8F00CE4D45 /* Sources */ = {
			isa = PBXSourcesBuildPhase;
			files = (
			);
		};
		D53ACB612DB18B9000CE4D45 /* Sources */ = {
			isa = PBXSourcesBuildPhase;
			files = (
			);
		};
		D53ACB6B2DB18B9000CE4D45 /* Sources */ = {
			isa = PBXSourcesBuildPhase;
			files = (
			);
		};
/* End PBXSourcesBuildPhase section */

/* Begin PBXTargetDependency section */
		D5056C0E2E3A04FB00398086 /* PBXTargetDependency */ = {
			isa = PBXTargetDependency;
			productRef = D5056C0D2E3A04FB00398086 /* OpenAPIGenerator */;
		};
		D53ACB672DB18B9000CE4D45 /* PBXTargetDependency */ = {
			isa = PBXTargetDependency;
			target = D53ACB552DB18B8F00CE4D45 /* Ogonek */;
			targetProxy = D53ACB662DB18B9000CE4D45 /* PBXContainerItemProxy */;
		};
		D53ACB712DB18B9000CE4D45 /* PBXTargetDependency */ = {
			isa = PBXTargetDependency;
			target = D53ACB552DB18B8F00CE4D45 /* Ogonek */;
			targetProxy = D53ACB702DB18B9000CE4D45 /* PBXContainerItemProxy */;
		};
/* End PBXTargetDependency section */

/* Begin XCBuildConfiguration section */
		D53ACB772DB18B9000CE4D45 /* Debug configuration for PBXProject "Ogonek" */ = {
			isa = XCBuildConfiguration;
			buildSettings = {
				ALWAYS_SEARCH_USER_PATHS = NO;
				ASSETCATALOG_COMPILER_GENERATE_SWIFT_ASSET_SYMBOL_EXTENSIONS = YES;
				CLANG_ANALYZER_NONNULL = YES;
				CLANG_ANALYZER_NUMBER_OBJECT_CONVERSION = YES_AGGRESSIVE;
				CLANG_CXX_LANGUAGE_STANDARD = "gnu++20";
				CLANG_ENABLE_MODULES = YES;
				CLANG_ENABLE_OBJC_ARC = YES;
				CLANG_ENABLE_OBJC_WEAK = YES;
				CLANG_WARN_BLOCK_CAPTURE_AUTORELEASING = YES;
				CLANG_WARN_BOOL_CONVERSION = YES;
				CLANG_WARN_COMMA = YES;
				CLANG_WARN_CONSTANT_CONVERSION = YES;
				CLANG_WARN_DEPRECATED_OBJC_IMPLEMENTATIONS = YES;
				CLANG_WARN_DIRECT_OBJC_ISA_USAGE = YES_ERROR;
				CLANG_WARN_DOCUMENTATION_COMMENTS = YES;
				CLANG_WARN_EMPTY_BODY = YES;
				CLANG_WARN_ENUM_CONVERSION = YES;
				CLANG_WARN_INFINITE_RECURSION = YES;
				CLANG_WARN_INT_CONVERSION = YES;
				CLANG_WARN_NON_LITERAL_NULL_CONVERSION = YES;
				CLANG_WARN_OBJC_IMPLICIT_RETAIN_SELF = YES;
				CLANG_WARN_OBJC_LITERAL_CONVERSION = YES;
				CLANG_WARN_OBJC_ROOT_CLASS = YES_ERROR;
				CLANG_WARN_QUOTED_INCLUDE_IN_FRAMEWORK_HEADER = YES;
				CLANG_WARN_RANGE_LOOP_ANALYSIS = YES;
				CLANG_WARN_STRICT_PROTOTYPES = YES;
				CLANG_WARN_SUSPICIOUS_MOVE = YES;
				CLANG_WARN_UNGUARDED_AVAILABILITY = YES_AGGRESSIVE;
				CLANG_WARN_UNREACHABLE_CODE = YES;
				CLANG_WARN__DUPLICATE_METHOD_MATCH = YES;
				COPY_PHASE_STRIP = NO;
				DEBUG_INFORMATION_FORMAT = dwarf;
				DEVELOPMENT_TEAM = 2L2F7WTWVN;
				ENABLE_STRICT_OBJC_MSGSEND = YES;
				ENABLE_TESTABILITY = YES;
				ENABLE_USER_SCRIPT_SANDBOXING = YES;
				GCC_C_LANGUAGE_STANDARD = gnu17;
				GCC_DYNAMIC_NO_PIC = NO;
				GCC_NO_COMMON_BLOCKS = YES;
				GCC_OPTIMIZATION_LEVEL = 0;
				GCC_PREPROCESSOR_DEFINITIONS = (
					"DEBUG=1",
					"$(inherited)",
				);
				GCC_WARN_64_TO_32_BIT_CONVERSION = YES;
				GCC_WARN_ABOUT_RETURN_TYPE = YES_ERROR;
				GCC_WARN_UNDECLARED_SELECTOR = YES;
				GCC_WARN_UNINITIALIZED_AUTOS = YES_AGGRESSIVE;
				GCC_WARN_UNUSED_FUNCTION = YES;
				GCC_WARN_UNUSED_VARIABLE = YES;
				IPHONEOS_DEPLOYMENT_TARGET = 18.4;
				LOCALIZATION_PREFERS_STRING_CATALOGS = YES;
				MTL_ENABLE_DEBUG_INFO = INCLUDE_SOURCE;
				MTL_FAST_MATH = YES;
				ONLY_ACTIVE_ARCH = YES;
				SDKROOT = iphoneos;
				SWIFT_ACTIVE_COMPILATION_CONDITIONS = "DEBUG $(inherited)";
				SWIFT_OPTIMIZATION_LEVEL = "-Onone";
			};
			name = Debug;
		};
		D53ACB782DB18B9000CE4D45 /* Release configuration for PBXProject "Ogonek" */ = {
			isa = XCBuildConfiguration;
			buildSettings = {
				ALWAYS_SEARCH_USER_PATHS = NO;
				ASSETCATALOG_COMPILER_GENERATE_SWIFT_ASSET_SYMBOL_EXTENSIONS = YES;
				CLANG_ANALYZER_NONNULL = YES;
				CLANG_ANALYZER_NUMBER_OBJECT_CONVERSION = YES_AGGRESSIVE;
				CLANG_CXX_LANGUAGE_STANDARD = "gnu++20";
				CLANG_ENABLE_MODULES = YES;
				CLANG_ENABLE_OBJC_ARC = YES;
				CLANG_ENABLE_OBJC_WEAK = YES;
				CLANG_WARN_BLOCK_CAPTURE_AUTORELEASING = YES;
				CLANG_WARN_BOOL_CONVERSION = YES;
				CLANG_WARN_COMMA = YES;
				CLANG_WARN_CONSTANT_CONVERSION = YES;
				CLANG_WARN_DEPRECATED_OBJC_IMPLEMENTATIONS = YES;
				CLANG_WARN_DIRECT_OBJC_ISA_USAGE = YES_ERROR;
				CLANG_WARN_DOCUMENTATION_COMMENTS = YES;
				CLANG_WARN_EMPTY_BODY = YES;
				CLANG_WARN_ENUM_CONVERSION = YES;
				CLANG_WARN_INFINITE_RECURSION = YES;
				CLANG_WARN_INT_CONVERSION = YES;
				CLANG_WARN_NON_LITERAL_NULL_CONVERSION = YES;
				CLANG_WARN_OBJC_IMPLICIT_RETAIN_SELF = YES;
				CLANG_WARN_OBJC_LITERAL_CONVERSION = YES;
				CLANG_WARN_OBJC_ROOT_CLASS = YES_ERROR;
				CLANG_WARN_QUOTED_INCLUDE_IN_FRAMEWORK_HEADER = YES;
				CLANG_WARN_RANGE_LOOP_ANALYSIS = YES;
				CLANG_WARN_STRICT_PROTOTYPES = YES;
				CLANG_WARN_SUSPICIOUS_MOVE = YES;
				CLANG_WARN_UNGUARDED_AVAILABILITY = YES_AGGRESSIVE;
				CLANG_WARN_UNREACHABLE_CODE = YES;
				CLANG_WARN__DUPLICATE_METHOD_MATCH = YES;
				COPY_PHASE_STRIP = NO;
				DEBUG_INFORMATION_FORMAT = "dwarf-with-dsym";
				DEVELOPMENT_TEAM = 2L2F7WTWVN;
				ENABLE_NS_ASSERTIONS = NO;
				ENABLE_STRICT_OBJC_MSGSEND = YES;
				ENABLE_USER_SCRIPT_SANDBOXING = YES;
				GCC_C_LANGUAGE_STANDARD = gnu17;
				GCC_NO_COMMON_BLOCKS = YES;
				GCC_WARN_64_TO_32_BIT_CONVERSION = YES;
				GCC_WARN_ABOUT_RETURN_TYPE = YES_ERROR;
				GCC_WARN_UNDECLARED_SELECTOR = YES;
				GCC_WARN_UNINITIALIZED_AUTOS = YES_AGGRESSIVE;
				GCC_WARN_UNUSED_FUNCTION = YES;
				GCC_WARN_UNUSED_VARIABLE = YES;
				IPHONEOS_DEPLOYMENT_TARGET = 18.4;
				LOCALIZATION_PREFERS_STRING_CATALOGS = YES;
				MTL_ENABLE_DEBUG_INFO = NO;
				MTL_FAST_MATH = YES;
				SDKROOT = iphoneos;
				SWIFT_COMPILATION_MODE = wholemodule;
				VALIDATE_PRODUCT = YES;
			};
			name = Release;
		};
		D53ACB7A2DB18B9000CE4D45 /* Debug configuration for PBXNativeTarget "Ogonek" */ = {
			isa = XCBuildConfiguration;
			buildSettings = {
				ASSETCATALOG_COMPILER_APPICON_NAME = AppIcon;
				ASSETCATALOG_COMPILER_GLOBAL_ACCENT_COLOR_NAME = AccentColor;
				CODE_SIGN_ENTITLEMENTS = Ogonek/Ogonek.entitlements;
				CODE_SIGN_STYLE = Automatic;
				CURRENT_PROJECT_VERSION = 1;
				DEBUG_INFORMATION_FORMAT = "dwarf-with-dsym";
				ENABLE_PREVIEWS = YES;
				ENABLE_USER_SCRIPT_SANDBOXING = NO;
				GENERATE_INFOPLIST_FILE = YES;
				INFOPLIST_FILE = Ogonek/Info.plist;
				INFOPLIST_KEY_LSApplicationCategoryType = "public.app-category.education";
				INFOPLIST_KEY_UIApplicationSceneManifest_Generation = YES;
				INFOPLIST_KEY_UIApplicationSupportsIndirectInputEvents = YES;
				INFOPLIST_KEY_UILaunchScreen_Generation = YES;
				INFOPLIST_KEY_UISupportedInterfaceOrientations_iPad = "UIInterfaceOrientationPortrait UIInterfaceOrientationPortraitUpsideDown UIInterfaceOrientationLandscapeLeft UIInterfaceOrientationLandscapeRight";
				INFOPLIST_KEY_UISupportedInterfaceOrientations_iPhone = "UIInterfaceOrientationPortrait UIInterfaceOrientationLandscapeLeft UIInterfaceOrientationLandscapeRight";
				IPHONEOS_DEPLOYMENT_TARGET = 18.0;
				LD_RUNPATH_SEARCH_PATHS = (
					"$(inherited)",
					"@executable_path/Frameworks",
				);
				MARKETING_VERSION = 1.0;
				PRODUCT_BUNDLE_IDENTIFIER = noxlovette.Ogonek;
				PRODUCT_NAME = "$(TARGET_NAME)";
				SWIFT_EMIT_LOC_STRINGS = YES;
				SWIFT_VERSION = 5.0;
				TARGETED_DEVICE_FAMILY = "1,2";
			};
			name = Debug;
		};
		D53ACB7B2DB18B9000CE4D45 /* Release configuration for PBXNativeTarget "Ogonek" */ = {
			isa = XCBuildConfiguration;
			buildSettings = {
				ASSETCATALOG_COMPILER_APPICON_NAME = AppIcon;
				ASSETCATALOG_COMPILER_GLOBAL_ACCENT_COLOR_NAME = AccentColor;
				CODE_SIGN_ENTITLEMENTS = Ogonek/Ogonek.entitlements;
				CODE_SIGN_STYLE = Automatic;
				CURRENT_PROJECT_VERSION = 1;
				DEBUG_INFORMATION_FORMAT = "dwarf-with-dsym";
				ENABLE_PREVIEWS = YES;
				ENABLE_USER_SCRIPT_SANDBOXING = NO;
				GENERATE_INFOPLIST_FILE = YES;
				INFOPLIST_FILE = Ogonek/Info.plist;
				INFOPLIST_KEY_LSApplicationCategoryType = "public.app-category.education";
				INFOPLIST_KEY_UIApplicationSceneManifest_Generation = YES;
				INFOPLIST_KEY_UIApplicationSupportsIndirectInputEvents = YES;
				INFOPLIST_KEY_UILaunchScreen_Generation = YES;
				INFOPLIST_KEY_UISupportedInterfaceOrientations_iPad = "UIInterfaceOrientationPortrait UIInterfaceOrientationPortraitUpsideDown UIInterfaceOrientationLandscapeLeft UIInterfaceOrientationLandscapeRight";
				INFOPLIST_KEY_UISupportedInterfaceOrientations_iPhone = "UIInterfaceOrientationPortrait UIInterfaceOrientationLandscapeLeft UIInterfaceOrientationLandscapeRight";
				IPHONEOS_DEPLOYMENT_TARGET = 18.0;
				LD_RUNPATH_SEARCH_PATHS = (
					"$(inherited)",
					"@executable_path/Frameworks",
				);
				MARKETING_VERSION = 1.0;
				PRODUCT_BUNDLE_IDENTIFIER = noxlovette.Ogonek;
				PRODUCT_NAME = "$(TARGET_NAME)";
				SWIFT_EMIT_LOC_STRINGS = YES;
				SWIFT_VERSION = 5.0;
				TARGETED_DEVICE_FAMILY = "1,2";
			};
			name = Release;
		};
		D53ACB7D2DB18B9000CE4D45 /* Debug configuration for PBXNativeTarget "OgonekTests" */ = {
			isa = XCBuildConfiguration;
			buildSettings = {
				BUNDLE_LOADER = "$(TEST_HOST)";
				CODE_SIGN_STYLE = Automatic;
				CURRENT_PROJECT_VERSION = 1;
				GENERATE_INFOPLIST_FILE = YES;
				IPHONEOS_DEPLOYMENT_TARGET = 18.0;
				MARKETING_VERSION = 1.0;
				PRODUCT_BUNDLE_IDENTIFIER = "noxlovette.Ogonek-Tests";
				PRODUCT_NAME = "$(TARGET_NAME)";
				SWIFT_EMIT_LOC_STRINGS = NO;
				SWIFT_VERSION = 5.0;
				TARGETED_DEVICE_FAMILY = "1,2";
				TEST_HOST = "$(BUILT_PRODUCTS_DIR)/Ogonek.app/$(BUNDLE_EXECUTABLE_FOLDER_PATH)/Ogonek";
			};
			name = Debug;
		};
		D53ACB7E2DB18B9000CE4D45 /* Release configuration for PBXNativeTarget "OgonekTests" */ = {
			isa = XCBuildConfiguration;
			buildSettings = {
				BUNDLE_LOADER = "$(TEST_HOST)";
				CODE_SIGN_STYLE = Automatic;
				CURRENT_PROJECT_VERSION = 1;
				GENERATE_INFOPLIST_FILE = YES;
				IPHONEOS_DEPLOYMENT_TARGET = 18.0;
				MARKETING_VERSION = 1.0;
				PRODUCT_BUNDLE_IDENTIFIER = "noxlovette.Ogonek-Tests";
				PRODUCT_NAME = "$(TARGET_NAME)";
				SWIFT_EMIT_LOC_STRINGS = NO;
				SWIFT_VERSION = 5.0;
				TARGETED_DEVICE_FAMILY = "1,2";
				TEST_HOST = "$(BUILT_PRODUCTS_DIR)/Ogonek.app/$(BUNDLE_EXECUTABLE_FOLDER_PATH)/Ogonek";
			};
			name = Release;
		};
		D53ACB802DB18B9000CE4D45 /* Debug configuration for PBXNativeTarget "OgonekUITests" */ = {
			isa = XCBuildConfiguration;
			buildSettings = {
				CODE_SIGN_STYLE = Automatic;
				CURRENT_PROJECT_VERSION = 1;
				GENERATE_INFOPLIST_FILE = YES;
				IPHONEOS_DEPLOYMENT_TARGET = 18.0;
				MARKETING_VERSION = 1.0;
				PRODUCT_BUNDLE_IDENTIFIER = "noxlovette.Ogonek-UITests";
				PRODUCT_NAME = "$(TARGET_NAME)";
				SWIFT_EMIT_LOC_STRINGS = NO;
				SWIFT_VERSION = 5.0;
				TARGETED_DEVICE_FAMILY = "1,2";
				TEST_TARGET_NAME = Ogonek;
			};
			name = Debug;
		};
		D53ACB812DB18B9000CE4D45 /* Release configuration for PBXNativeTarget "OgonekUITests" */ = {
			isa = XCBuildConfiguration;
			buildSettings = {
				CODE_SIGN_STYLE = Automatic;
				CURRENT_PROJECT_VERSION = 1;
				GENERATE_INFOPLIST_FILE = YES;
				IPHONEOS_DEPLOYMENT_TARGET = 18.0;
				MARKETING_VERSION = 1.0;
				PRODUCT_BUNDLE_IDENTIFIER = "noxlovette.Ogonek-UITests";
				PRODUCT_NAME = "$(TARGET_NAME)";
				SWIFT_EMIT_LOC_STRINGS = NO;
				SWIFT_VERSION = 5.0;
				TARGETED_DEVICE_FAMILY = "1,2";
				TEST_TARGET_NAME = Ogonek;
			};
			name = Release;
		};
		D5817C272E50F82E009A76FA /* Staging configuration for PBXProject "Ogonek" */ = {
			isa = XCBuildConfiguration;
			buildSettings = {
				ALWAYS_SEARCH_USER_PATHS = NO;
				ASSETCATALOG_COMPILER_GENERATE_SWIFT_ASSET_SYMBOL_EXTENSIONS = YES;
				CLANG_ANALYZER_NONNULL = YES;
				CLANG_ANALYZER_NUMBER_OBJECT_CONVERSION = YES_AGGRESSIVE;
				CLANG_CXX_LANGUAGE_STANDARD = "gnu++20";
				CLANG_ENABLE_MODULES = YES;
				CLANG_ENABLE_OBJC_ARC = YES;
				CLANG_ENABLE_OBJC_WEAK = YES;
				CLANG_WARN_BLOCK_CAPTURE_AUTORELEASING = YES;
				CLANG_WARN_BOOL_CONVERSION = YES;
				CLANG_WARN_COMMA = YES;
				CLANG_WARN_CONSTANT_CONVERSION = YES;
				CLANG_WARN_DEPRECATED_OBJC_IMPLEMENTATIONS = YES;
				CLANG_WARN_DIRECT_OBJC_ISA_USAGE = YES_ERROR;
				CLANG_WARN_DOCUMENTATION_COMMENTS = YES;
				CLANG_WARN_EMPTY_BODY = YES;
				CLANG_WARN_ENUM_CONVERSION = YES;
				CLANG_WARN_INFINITE_RECURSION = YES;
				CLANG_WARN_INT_CONVERSION = YES;
				CLANG_WARN_NON_LITERAL_NULL_CONVERSION = YES;
				CLANG_WARN_OBJC_IMPLICIT_RETAIN_SELF = YES;
				CLANG_WARN_OBJC_LITERAL_CONVERSION = YES;
				CLANG_WARN_OBJC_ROOT_CLASS = YES_ERROR;
				CLANG_WARN_QUOTED_INCLUDE_IN_FRAMEWORK_HEADER = YES;
				CLANG_WARN_RANGE_LOOP_ANALYSIS = YES;
				CLANG_WARN_STRICT_PROTOTYPES = YES;
				CLANG_WARN_SUSPICIOUS_MOVE = YES;
				CLANG_WARN_UNGUARDED_AVAILABILITY = YES_AGGRESSIVE;
				CLANG_WARN_UNREACHABLE_CODE = YES;
				CLANG_WARN__DUPLICATE_METHOD_MATCH = YES;
				COPY_PHASE_STRIP = NO;
				DEBUG_INFORMATION_FORMAT = dwarf;
				DEVELOPMENT_TEAM = 2L2F7WTWVN;
				ENABLE_STRICT_OBJC_MSGSEND = YES;
				ENABLE_TESTABILITY = YES;
				ENABLE_USER_SCRIPT_SANDBOXING = YES;
				GCC_C_LANGUAGE_STANDARD = gnu17;
				GCC_DYNAMIC_NO_PIC = NO;
				GCC_NO_COMMON_BLOCKS = YES;
				GCC_OPTIMIZATION_LEVEL = 0;
				GCC_PREPROCESSOR_DEFINITIONS = "STAGING=1";
				GCC_WARN_64_TO_32_BIT_CONVERSION = YES;
				GCC_WARN_ABOUT_RETURN_TYPE = YES_ERROR;
				GCC_WARN_UNDECLARED_SELECTOR = YES;
				GCC_WARN_UNINITIALIZED_AUTOS = YES_AGGRESSIVE;
				GCC_WARN_UNUSED_FUNCTION = YES;
				GCC_WARN_UNUSED_VARIABLE = YES;
				IPHONEOS_DEPLOYMENT_TARGET = 18.4;
				LOCALIZATION_PREFERS_STRING_CATALOGS = YES;
				MTL_ENABLE_DEBUG_INFO = INCLUDE_SOURCE;
				MTL_FAST_MATH = YES;
				ONLY_ACTIVE_ARCH = YES;
				SDKROOT = iphoneos;
				SWIFT_ACTIVE_COMPILATION_CONDITIONS = "STAGING $(inherited)";
				SWIFT_OPTIMIZATION_LEVEL = "-Onone";
			};
			name = Staging;
		};
		D5817C282E50F82E009A76FA /* Staging configuration for PBXNativeTarget "Ogonek" */ = {
			isa = XCBuildConfiguration;
			buildSettings = {
				ASSETCATALOG_COMPILER_APPICON_NAME = AppIcon;
				ASSETCATALOG_COMPILER_GLOBAL_ACCENT_COLOR_NAME = AccentColor;
				CODE_SIGN_ENTITLEMENTS = Ogonek/Ogonek.entitlements;
				CODE_SIGN_STYLE = Automatic;
				CURRENT_PROJECT_VERSION = 1;
				DEBUG_INFORMATION_FORMAT = "dwarf-with-dsym";
				ENABLE_PREVIEWS = YES;
				ENABLE_USER_SCRIPT_SANDBOXING = NO;
				GENERATE_INFOPLIST_FILE = YES;
				INFOPLIST_FILE = Ogonek/Info.plist;
				INFOPLIST_KEY_LSApplicationCategoryType = "public.app-category.education";
				INFOPLIST_KEY_UIApplicationSceneManifest_Generation = YES;
				INFOPLIST_KEY_UIApplicationSupportsIndirectInputEvents = YES;
				INFOPLIST_KEY_UILaunchScreen_Generation = YES;
				INFOPLIST_KEY_UISupportedInterfaceOrientations_iPad = "UIInterfaceOrientationPortrait UIInterfaceOrientationPortraitUpsideDown UIInterfaceOrientationLandscapeLeft UIInterfaceOrientationLandscapeRight";
				INFOPLIST_KEY_UISupportedInterfaceOrientations_iPhone = "UIInterfaceOrientationPortrait UIInterfaceOrientationLandscapeLeft UIInterfaceOrientationLandscapeRight";
				IPHONEOS_DEPLOYMENT_TARGET = 18.0;
				LD_RUNPATH_SEARCH_PATHS = (
					"$(inherited)",
					"@executable_path/Frameworks",
				);
				MARKETING_VERSION = 1.0;
				PRODUCT_BUNDLE_IDENTIFIER = noxlovette.Ogonek;
				PRODUCT_NAME = "$(TARGET_NAME)";
				SWIFT_EMIT_LOC_STRINGS = YES;
				SWIFT_VERSION = 5.0;
				TARGETED_DEVICE_FAMILY = "1,2";
			};
			name = Staging;
		};
		D5817C292E50F82E009A76FA /* Staging configuration for PBXNativeTarget "OgonekTests" */ = {
			isa = XCBuildConfiguration;
			buildSettings = {
				BUNDLE_LOADER = "$(TEST_HOST)";
				CODE_SIGN_STYLE = Automatic;
				CURRENT_PROJECT_VERSION = 1;
				GENERATE_INFOPLIST_FILE = YES;
				IPHONEOS_DEPLOYMENT_TARGET = 18.0;
				MARKETING_VERSION = 1.0;
				PRODUCT_BUNDLE_IDENTIFIER = "noxlovette.Ogonek-Tests";
				PRODUCT_NAME = "$(TARGET_NAME)";
				SWIFT_EMIT_LOC_STRINGS = NO;
				SWIFT_VERSION = 5.0;
				TARGETED_DEVICE_FAMILY = "1,2";
				TEST_HOST = "$(BUILT_PRODUCTS_DIR)/Ogonek.app/$(BUNDLE_EXECUTABLE_FOLDER_PATH)/Ogonek";
			};
			name = Staging;
		};
		D5817C2A2E50F82E009A76FA /* Staging configuration for PBXNativeTarget "OgonekUITests" */ = {
			isa = XCBuildConfiguration;
			buildSettings = {
				CODE_SIGN_STYLE = Automatic;
				CURRENT_PROJECT_VERSION = 1;
				GENERATE_INFOPLIST_FILE = YES;
				IPHONEOS_DEPLOYMENT_TARGET = 18.0;
				MARKETING_VERSION = 1.0;
				PRODUCT_BUNDLE_IDENTIFIER = "noxlovette.Ogonek-UITests";
				PRODUCT_NAME = "$(TARGET_NAME)";
				SWIFT_EMIT_LOC_STRINGS = NO;
				SWIFT_VERSION = 5.0;
				TARGETED_DEVICE_FAMILY = "1,2";
				TEST_TARGET_NAME = Ogonek;
			};
			name = Staging;
		};
/* End XCBuildConfiguration section */

/* Begin XCConfigurationList section */
		D53ACB512DB18B8F00CE4D45 /* Build configuration list for PBXProject "Ogonek" */ = {
			isa = XCConfigurationList;
			buildConfigurations = (
				D53ACB772DB18B9000CE4D45 /* Debug configuration for PBXProject "Ogonek" */,
				D5817C272E50F82E009A76FA /* Staging configuration for PBXProject "Ogonek" */,
				D53ACB782DB18B9000CE4D45 /* Release configuration for PBXProject "Ogonek" */,
			);
			defaultConfigurationName = Release;
		};
		D53ACB792DB18B9000CE4D45 /* Build configuration list for PBXNativeTarget "Ogonek" */ = {
			isa = XCConfigurationList;
			buildConfigurations = (
				D53ACB7A2DB18B9000CE4D45 /* Debug configuration for PBXNativeTarget "Ogonek" */,
				D5817C282E50F82E009A76FA /* Staging configuration for PBXNativeTarget "Ogonek" */,
				D53ACB7B2DB18B9000CE4D45 /* Release configuration for PBXNativeTarget "Ogonek" */,
			);
			defaultConfigurationName = Release;
		};
		D53ACB7C2DB18B9000CE4D45 /* Build configuration list for PBXNativeTarget "OgonekTests" */ = {
			isa = XCConfigurationList;
			buildConfigurations = (
				D53ACB7D2DB18B9000CE4D45 /* Debug configuration for PBXNativeTarget "OgonekTests" */,
				D5817C292E50F82E009A76FA /* Staging configuration for PBXNativeTarget "OgonekTests" */,
				D53ACB7E2DB18B9000CE4D45 /* Release configuration for PBXNativeTarget "OgonekTests" */,
			);
			defaultConfigurationName = Release;
		};
		D53ACB7F2DB18B9000CE4D45 /* Build configuration list for PBXNativeTarget "OgonekUITests" */ = {
			isa = XCConfigurationList;
			buildConfigurations = (
				D53ACB802DB18B9000CE4D45 /* Debug configuration for PBXNativeTarget "OgonekUITests" */,
				D5817C2A2E50F82E009A76FA /* Staging configuration for PBXNativeTarget "OgonekUITests" */,
				D53ACB812DB18B9000CE4D45 /* Release configuration for PBXNativeTarget "OgonekUITests" */,
			);
			defaultConfigurationName = Release;
		};
/* End XCConfigurationList section */

/* Begin XCRemoteSwiftPackageReference section */
		3E08019C3C354FB0A4397C32 /* XCRemoteSwiftPackageReference "sentry-cocoa" */ = {
			isa = XCRemoteSwiftPackageReference;
			repositoryURL = "https://github.com/getsentry/sentry-cocoa/";
			requirement = {
				kind = upToNextMajorVersion;
				minimumVersion = 8.0.0;
			};
		};
		D5056C132E3A060900398086 /* XCRemoteSwiftPackageReference "swift-openapi-runtime" */ = {
			isa = XCRemoteSwiftPackageReference;
			repositoryURL = "https://github.com/apple/swift-openapi-runtime";
			requirement = {
				kind = upToNextMajorVersion;
				minimumVersion = 1.8.2;
			};
		};
		D5056C162E3A062200398086 /* XCRemoteSwiftPackageReference "swift-openapi-urlsession" */ = {
			isa = XCRemoteSwiftPackageReference;
			repositoryURL = "https://github.com/apple/swift-openapi-urlsession";
			requirement = {
				kind = upToNextMajorVersion;
				minimumVersion = 1.1.0;
			};
		};
		D510ACD42E37C4E700BD3C54 /* XCRemoteSwiftPackageReference "swift-openapi-generator" */ = {
			isa = XCRemoteSwiftPackageReference;
			repositoryURL = "https://github.com/apple/swift-openapi-generator";
			requirement = {
				kind = upToNextMajorVersion;
				minimumVersion = 1.10.1;
			};
		};
		D55BCD3E2E3B999E0021896D /* XCRemoteSwiftPackageReference "SwiftLintPlugins" */ = {
			isa = XCRemoteSwiftPackageReference;
			repositoryURL = "https://github.com/SimplyDanny/SwiftLintPlugins";
			requirement = {
				kind = upToNextMajorVersion;
				minimumVersion = 0.59.1;
			};
		};
		D59519E02E43A58F00AFF7C2 /* XCRemoteSwiftPackageReference "ZipArchive" */ = {
			isa = XCRemoteSwiftPackageReference;
			repositoryURL = "https://github.com/ZipArchive/ZipArchive";
			requirement = {
				kind = upToNextMajorVersion;
				minimumVersion = 2.6.0;
			};
		};
		D5A4B6482DC155A700520DD1 /* XCRemoteSwiftPackageReference "swift-markdown-ui" */ = {
			isa = XCRemoteSwiftPackageReference;
			repositoryURL = "https://github.com/gonzalezreal/swift-markdown-ui";
			requirement = {
				kind = upToNextMajorVersion;
				minimumVersion = 2.4.1;
			};
		};
		D5E6128B2E3B85440050C3EC /* XCRemoteSwiftPackageReference "KeychainAccess" */ = {
			isa = XCRemoteSwiftPackageReference;
			repositoryURL = "https://github.com/kishikawakatsumi/KeychainAccess.git";
			requirement = {
				kind = upToNextMajorVersion;
				minimumVersion = 4.0.0;
			};
		};
/* End XCRemoteSwiftPackageReference section */

/* Begin XCSwiftPackageProductDependency section */
		8057D3D7E81148768B568F9D /* Sentry */ = {
			isa = XCSwiftPackageProductDependency;
			package = 3E08019C3C354FB0A4397C32 /* XCRemoteSwiftPackageReference "sentry-cocoa" */;
			productName = Sentry;
		};
		D5056C0D2E3A04FB00398086 /* OpenAPIGenerator */ = {
			isa = XCSwiftPackageProductDependency;
			package = D510ACD42E37C4E700BD3C54 /* XCRemoteSwiftPackageReference "swift-openapi-generator" */;
			productName = "plugin:OpenAPIGenerator";
		};
		D5056C142E3A060900398086 /* OpenAPIRuntime */ = {
			isa = XCSwiftPackageProductDependency;
			package = D5056C132E3A060900398086 /* XCRemoteSwiftPackageReference "swift-openapi-runtime" */;
			productName = OpenAPIRuntime;
		};
		D5056C172E3A062200398086 /* OpenAPIURLSession */ = {
			isa = XCSwiftPackageProductDependency;
			package = D5056C162E3A062200398086 /* XCRemoteSwiftPackageReference "swift-openapi-urlsession" */;
			productName = OpenAPIURLSession;
		};
		D54BD2CD2E4E22F700C87437 /* ZipArchive */ = {
			isa = XCSwiftPackageProductDependency;
			package = D59519E02E43A58F00AFF7C2 /* XCRemoteSwiftPackageReference "ZipArchive" */;
			productName = ZipArchive;
		};
		D54BD2CF2E4E22FC00C87437 /* ZipArchive */ = {
			isa = XCSwiftPackageProductDependency;
			package = D59519E02E43A58F00AFF7C2 /* XCRemoteSwiftPackageReference "ZipArchive" */;
			productName = ZipArchive;
		};
		D59519E12E43A58F00AFF7C2 /* ZipArchive */ = {
			isa = XCSwiftPackageProductDependency;
			package = D59519E02E43A58F00AFF7C2 /* XCRemoteSwiftPackageReference "ZipArchive" */;
			productName = ZipArchive;
		};
		D59C2F9F2DC15848000610EE /* MarkdownUI */ = {
			isa = XCSwiftPackageProductDependency;
			package = D5A4B6482DC155A700520DD1 /* XCRemoteSwiftPackageReference "swift-markdown-ui" */;
			productName = MarkdownUI;
		};
		D5E6128C2E3B85440050C3EC /* KeychainAccess */ = {
			isa = XCSwiftPackageProductDependency;
			package = D5E6128B2E3B85440050C3EC /* XCRemoteSwiftPackageReference "KeychainAccess" */;
			productName = KeychainAccess;
		};
/* End XCSwiftPackageProductDependency section */
	};
	rootObject = D53ACB4E2DB18B8F00CE4D45 /* Project object */;
}
