// !$*UTF8*$!
{
	archiveVersion = 1;
	classes = {
	};
	objectVersion = 77;
	objects = {

/* Begin PBXBuildFile section */
		3FF9C9736A73404B91138ABF /* Sentry in Frameworks */ = {isa = PBXBuildFile; productRef = 8057D3D7E81148768B568F9D /* Sentry */; };
		D53CD02C2E24E56000A56DAB /* (null) in Frameworks */ = {isa = PBXBuildFile; };
		D53CD02D2E24E56000A56DAB /* (null) in Frameworks */ = {isa = PBXBuildFile; };
		D59C2FA02DC15848000610EE /* MarkdownUI in Frameworks */ = {isa = PBXBuildFile; productRef = D59C2F9F2DC15848000610EE /* MarkdownUI */; };
/* End PBXBuildFile section */

/* Begin PBXContainerItemProxy section */
		D53ACB662DB18B9000CE4D45 /* PBXContainerItemProxy */ = {
			isa = PBXContainerItemProxy;
			containerPortal = D53ACB4E2DB18B8F00CE4D45 /* Project object */;
			proxyType = 1;
			remoteGlobalIDString = D53ACB552DB18B8F00CE4D45;
			remoteInfo = "Ogonek Swift";
		};
		D53ACB702DB18B9000CE4D45 /* PBXContainerItemProxy */ = {
			isa = PBXContainerItemProxy;
			containerPortal = D53ACB4E2DB18B8F00CE4D45 /* Project object */;
			proxyType = 1;
			remoteGlobalIDString = D53ACB552DB18B8F00CE4D45;
			remoteInfo = "Ogonek Swift";
		};
/* End PBXContainerItemProxy section */

/* Begin PBXFileReference section */
		D53ACB562DB18B8F00CE4D45 /* Ogonek.app */ = {isa = PBXFileReference; explicitFileType = wrapper.application; includeInIndex = 0; path = Ogonek.app; sourceTree = BUILT_PRODUCTS_DIR; };
		D53ACB652DB18B9000CE4D45 /* OgonekTests.xctest */ = {isa = PBXFileReference; explicitFileType = wrapper.cfbundle; includeInIndex = 0; path = OgonekTests.xctest; sourceTree = BUILT_PRODUCTS_DIR; };
		D53ACB6F2DB18B9000CE4D45 /* OgonekUITests.xctest */ = {isa = PBXFileReference; explicitFileType = wrapper.cfbundle; includeInIndex = 0; path = OgonekUITests.xctest; sourceTree = BUILT_PRODUCTS_DIR; };
/* End PBXFileReference section */

/* Begin PBXFileSystemSynchronizedBuildFileExceptionSet section */
		D5A4B61E2DC0DE2300520DD1 /* Exceptions for "Ogonek" folder in "OgonekTests" target */ = {
			isa = PBXFileSystemSynchronizedBuildFileExceptionSet;
			membershipExceptions = (
				PreviewContent/TestData.swift,
			);
			target = D53ACB642DB18B9000CE4D45 /* OgonekTests */;
		};
/* End PBXFileSystemSynchronizedBuildFileExceptionSet section */

/* Begin PBXFileSystemSynchronizedRootGroup section */
		D53ACB582DB18B8F00CE4D45 /* Ogonek */ = {
			isa = PBXFileSystemSynchronizedRootGroup;
			exceptions = (
				D5A4B61E2DC0DE2300520DD1 /* Exceptions for "Ogonek" folder in "OgonekTests" target */,
			);
			path = Ogonek;
			sourceTree = "<group>";
		};
		D53ACB682DB18B9000CE4D45 /* OgonekTests */ = {
			isa = PBXFileSystemSynchronizedRootGroup;
			path = OgonekTests;
			sourceTree = "<group>";
		};
		D53ACB722DB18B9000CE4D45 /* OgonekUITests */ = {
			isa = PBXFileSystemSynchronizedRootGroup;
			path = OgonekUITests;
			sourceTree = "<group>";
		};
/* End PBXFileSystemSynchronizedRootGroup section */

/* Begin PBXFrameworksBuildPhase section */
		D53ACB532DB18B8F00CE4D45 /* Frameworks */ = {
			isa = PBXFrameworksBuildPhase;
			buildActionMask = 2147483647;
			files = (
				D59C2FA02DC15848000610EE /* MarkdownUI in Frameworks */,
				3FF9C9736A73404B91138ABF /* Sentry in Frameworks */,
			);
			runOnlyForDeploymentPostprocessing = 0;
		};
		D53ACB622DB18B9000CE4D45 /* Frameworks */ = {
			isa = PBXFrameworksBuildPhase;
			buildActionMask = 2147483647;
			files = (
				D53CD02C2E24E56000A56DAB /* (null) in Frameworks */,
			);
			runOnlyForDeploymentPostprocessing = 0;
		};
		D53ACB6C2DB18B9000CE4D45 /* Frameworks */ = {
			isa = PBXFrameworksBuildPhase;
			buildActionMask = 2147483647;
			files = (
				D53CD02D2E24E56000A56DAB /* (null) in Frameworks */,
			);
			runOnlyForDeploymentPostprocessing = 0;
		};
/* End PBXFrameworksBuildPhase section */

/* Begin PBXGroup section */
		D53ACB4D2DB18B8F00CE4D45 = {
			isa = PBXGroup;
			children = (
				D53ACB582DB18B8F00CE4D45 /* Ogonek */,
				D53ACB682DB18B9000CE4D45 /* OgonekTests */,
				D53ACB722DB18B9000CE4D45 /* OgonekUITests */,
				D59C2F9E2DC15848000610EE /* Frameworks */,
				D53ACB572DB18B8F00CE4D45 /* Products */,
			);
			sourceTree = "<group>";
		};
		D53ACB572DB18B8F00CE4D45 /* Products */ = {
			isa = PBXGroup;
			children = (
				D53ACB562DB18B8F00CE4D45 /* Ogonek.app */,
				D53ACB652DB18B9000CE4D45 /* OgonekTests.xctest */,
				D53ACB6F2DB18B9000CE4D45 /* OgonekUITests.xctest */,
			);
			name = Products;
			sourceTree = "<group>";
		};
		D59C2F9E2DC15848000610EE /* Frameworks */ = {
			isa = PBXGroup;
			children = (
			);
			name = Frameworks;
			sourceTree = "<group>";
		};
/* End PBXGroup section */

/* Begin PBXNativeTarget section */
		D53ACB552DB18B8F00CE4D45 /* Ogonek */ = {
			isa = PBXNativeTarget;
			buildConfigurationList = D53ACB792DB18B9000CE4D45 /* Build configuration list for PBXNativeTarget "Ogonek" */;
			buildPhases = (
				D53ACB522DB18B8F00CE4D45 /* Sources */,
				D53ACB532DB18B8F00CE4D45 /* Frameworks */,
				D53ACB542DB18B8F00CE4D45 /* Resources */,
				4A98125C60444DE2AEEF5C41 /* Upload Debug Symbols to Sentry */,
			);
			buildRules = (
			);
			dependencies = (
			);
			fileSystemSynchronizedGroups = (
				D53ACB582DB18B8F00CE4D45 /* Ogonek */,
			);
			name = Ogonek;
			packageProductDependencies = (
				D59C2F9F2DC15848000610EE /* MarkdownUI */,
				8057D3D7E81148768B568F9D /* Sentry */,
			);
			productName = "Ogonek Swift";
			productReference = D53ACB562DB18B8F00CE4D45 /* Ogonek.app */;
			productType = "com.apple.product-type.application";
		};
		D53ACB642DB18B9000CE4D45 /* OgonekTests */ = {
			isa = PBXNativeTarget;
			buildConfigurationList = D53ACB7C2DB18B9000CE4D45 /* Build configuration list for PBXNativeTarget "OgonekTests" */;
			buildPhases = (
				D53ACB612DB18B9000CE4D45 /* Sources */,
				D53ACB622DB18B9000CE4D45 /* Frameworks */,
				D53ACB632DB18B9000CE4D45 /* Resources */,
			);
			buildRules = (
			);
			dependencies = (
				D53ACB672DB18B9000CE4D45 /* PBXTargetDependency */,
			);
			fileSystemSynchronizedGroups = (
				D53ACB682DB18B9000CE4D45 /* OgonekTests */,
			);
			name = OgonekTests;
			packageProductDependencies = (
			);
			productName = "Ogonek SwiftTests";
			productReference = D53ACB652DB18B9000CE4D45 /* OgonekTests.xctest */;
			productType = "com.apple.product-type.bundle.unit-test";
		};
		D53ACB6E2DB18B9000CE4D45 /* OgonekUITests */ = {
			isa = PBXNativeTarget;
			buildConfigurationList = D53ACB7F2DB18B9000CE4D45 /* Build configuration list for PBXNativeTarget "OgonekUITests" */;
			buildPhases = (
				D53ACB6B2DB18B9000CE4D45 /* Sources */,
				D53ACB6C2DB18B9000CE4D45 /* Frameworks */,
				D53ACB6D2DB18B9000CE4D45 /* Resources */,
			);
			buildRules = (
			);
			dependencies = (
				D53ACB712DB18B9000CE4D45 /* PBXTargetDependency */,
			);
			fileSystemSynchronizedGroups = (
				D53ACB722DB18B9000CE4D45 /* OgonekUITests */,
			);
			name = OgonekUITests;
			packageProductDependencies = (
			);
			productName = "Ogonek SwiftUITests";
			productReference = D53ACB6F2DB18B9000CE4D45 /* OgonekUITests.xctest */;
			productType = "com.apple.product-type.bundle.ui-testing";
		};
/* End PBXNativeTarget section */

/* Begin PBXProject section */
		D53ACB4E2DB18B8F00CE4D45 /* Project object */ = {
			isa = PBXProject;
			attributes = {
				BuildIndependentTargetsInParallel = 1;
				LastSwiftUpdateCheck = 1630;
				LastUpgradeCheck = 1630;
				TargetAttributes = {
					D53ACB552DB18B8F00CE4D45 = {
						CreatedOnToolsVersion = 16.3;
					};
					D53ACB642DB18B9000CE4D45 = {
						CreatedOnToolsVersion = 16.3;
						TestTargetID = D53ACB552DB18B8F00CE4D45;
					};
					D53ACB6E2DB18B9000CE4D45 = {
						CreatedOnToolsVersion = 16.3;
						TestTargetID = D53ACB552DB18B8F00CE4D45;
					};
				};
			};
			buildConfigurationList = D53ACB512DB18B8F00CE4D45 /* Build configuration list for PBXProject "Ogonek" */;
			developmentRegion = en;
			hasScannedForEncodings = 0;
			knownRegions = (
				en,
				Base,
			);
			mainGroup = D53ACB4D2DB18B8F00CE4D45;
			minimizedProjectReferenceProxies = 1;
			packageReferences = (
				D5A4B6482DC155A700520DD1 /* XCRemoteSwiftPackageReference "swift-markdown-ui" */,
				3E08019C3C354FB0A4397C32 /* XCRemoteSwiftPackageReference "sentry-cocoa" */,
			);
			preferredProjectObjectVersion = 77;
			productRefGroup = D53ACB572DB18B8F00CE4D45 /* Products */;
			projectDirPath = "";
			projectRoot = "";
			targets = (
				D53ACB552DB18B8F00CE4D45 /* Ogonek */,
				D53ACB642DB18B9000CE4D45 /* OgonekTests */,
				D53ACB6E2DB18B9000CE4D45 /* OgonekUITests */,
			);
		};
/* End PBXProject section */

/* Begin PBXResourcesBuildPhase section */
		D53ACB542DB18B8F00CE4D45 /* Resources */ = {
			isa = PBXResourcesBuildPhase;
			buildActionMask = 2147483647;
			files = (
			);
			runOnlyForDeploymentPostprocessing = 0;
		};
		D53ACB632DB18B9000CE4D45 /* Resources */ = {
			isa = PBXResourcesBuildPhase;
			buildActionMask = 2147483647;
			files = (
			);
			runOnlyForDeploymentPostprocessing = 0;
		};
		D53ACB6D2DB18B9000CE4D45 /* Resources */ = {
			isa = PBXResourcesBuildPhase;
			buildActionMask = 2147483647;
			files = (
			);
			runOnlyForDeploymentPostprocessing = 0;
		};
/* End PBXResourcesBuildPhase section */

/* Begin PBXShellScriptBuildPhase section */
		4A98125C60444DE2AEEF5C41 /* Upload Debug Symbols to Sentry */ = {
			isa = PBXShellScriptBuildPhase;
			buildActionMask = 2147483647;
			files = (
			);
			inputPaths = (
				"${DWARF_DSYM_FOLDER_PATH}/${DWARF_DSYM_FILE_NAME}/Contents/Resources/DWARF/${TARGET_NAME}",
			);
			name = "Upload Debug Symbols to Sentry";
			outputPaths = (
			);
			runOnlyForDeploymentPostprocessing = 0;
			shellPath = /bin/sh;
			shellScript = "# This script is responsible for uploading debug symbols and source context for Sentry.\nif which sentry-cli >/dev/null; then\nexport SENTRY_ORG=danila-volkov\nexport SENTRY_PROJECT=ogonek\nERROR=$(sentry-cli debug-files upload --include-sources \"$DWARF_DSYM_FOLDER_PATH\" 2>&1 >/dev/null)\nif [ ! $? -eq 0 ]; then\necho \"warning: sentry-cli - $ERROR\"\nfi\nelse\necho \"warning: sentry-cli not installed, download from https://github.com/getsentry/sentry-cli/releases\"\nfi\n";
		};
/* End PBXShellScriptBuildPhase section */

/* Begin PBXSourcesBuildPhase section */
		D53ACB522DB18B8F00CE4D45 /* Sources */ = {
			isa = PBXSourcesBuildPhase;
			buildActionMask = 2147483647;
			files = (
			);
			runOnlyForDeploymentPostprocessing = 0;
		};
		D53ACB612DB18B9000CE4D45 /* Sources */ = {
			isa = PBXSourcesBuildPhase;
			buildActionMask = 2147483647;
			files = (
			);
			runOnlyForDeploymentPostprocessing = 0;
		};
		D53ACB6B2DB18B9000CE4D45 /* Sources */ = {
			isa = PBXSourcesBuildPhase;
			buildActionMask = 2147483647;
			files = (
			);
			runOnlyForDeploymentPostprocessing = 0;
		};
/* End PBXSourcesBuildPhase section */

/* Begin PBXTargetDependency section */
		D53ACB672DB18B9000CE4D45 /* PBXTargetDependency */ = {
			isa = PBXTargetDependency;
			target = D53ACB552DB18B8F00CE4D45 /* Ogonek */;
			targetProxy = D53ACB662DB18B9000CE4D45 /* PBXContainerItemProxy */;
		};
		D53ACB712DB18B9000CE4D45 /* PBXTargetDependency */ = {
			isa = PBXTargetDependency;
			target = D53ACB552DB18B8F00CE4D45 /* Ogonek */;
			targetProxy = D53ACB702DB18B9000CE4D45 /* PBXContainerItemProxy */;
		};
/* End PBXTargetDependency section */

/* Begin XCBuildConfiguration section */
		D53ACB772DB18B9000CE4D45 /* Debug */ = {
			isa = XCBuildConfiguration;
			buildSettings = {
				ALWAYS_SEARCH_USER_PATHS = NO;
				ASSETCATALOG_COMPILER_GENERATE_SWIFT_ASSET_SYMBOL_EXTENSIONS = YES;
				CLANG_ANALYZER_NONNULL = YES;
				CLANG_ANALYZER_NUMBER_OBJECT_CONVERSION = YES_AGGRESSIVE;
				CLANG_CXX_LANGUAGE_STANDARD = "gnu++20";
				CLANG_ENABLE_MODULES = YES;
				CLANG_ENABLE_OBJC_ARC = YES;
				CLANG_ENABLE_OBJC_WEAK = YES;
				CLANG_WARN_BLOCK_CAPTURE_AUTORELEASING = YES;
				CLANG_WARN_BOOL_CONVERSION = YES;
				CLANG_WARN_COMMA = YES;
				CLANG_WARN_CONSTANT_CONVERSION = YES;
				CLANG_WARN_DEPRECATED_OBJC_IMPLEMENTATIONS = YES;
				CLANG_WARN_DIRECT_OBJC_ISA_USAGE = YES_ERROR;
				CLANG_WARN_DOCUMENTATION_COMMENTS = YES;
				CLANG_WARN_EMPTY_BODY = YES;
				CLANG_WARN_ENUM_CONVERSION = YES;
				CLANG_WARN_INFINITE_RECURSION = YES;
				CLANG_WARN_INT_CONVERSION = YES;
				CLANG_WARN_NON_LITERAL_NULL_CONVERSION = YES;
				CLANG_WARN_OBJC_IMPLICIT_RETAIN_SELF = YES;
				CLANG_WARN_OBJC_LITERAL_CONVERSION = YES;
				CLANG_WARN_OBJC_ROOT_CLASS = YES_ERROR;
				CLANG_WARN_QUOTED_INCLUDE_IN_FRAMEWORK_HEADER = YES;
				CLANG_WARN_RANGE_LOOP_ANALYSIS = YES;
				CLANG_WARN_STRICT_PROTOTYPES = YES;
				CLANG_WARN_SUSPICIOUS_MOVE = YES;
				CLANG_WARN_UNGUARDED_AVAILABILITY = YES_AGGRESSIVE;
				CLANG_WARN_UNREACHABLE_CODE = YES;
				CLANG_WARN__DUPLICATE_METHOD_MATCH = YES;
				COPY_PHASE_STRIP = NO;
				DEBUG_INFORMATION_FORMAT = dwarf;
				ENABLE_STRICT_OBJC_MSGSEND = YES;
				ENABLE_TESTABILITY = YES;
				ENABLE_USER_SCRIPT_SANDBOXING = YES;
				GCC_C_LANGUAGE_STANDARD = gnu17;
				GCC_DYNAMIC_NO_PIC = NO;
				GCC_NO_COMMON_BLOCKS = YES;
				GCC_OPTIMIZATION_LEVEL = 0;
				GCC_PREPROCESSOR_DEFINITIONS = (
					"DEBUG=1",
					"$(inherited)",
				);
				GCC_WARN_64_TO_32_BIT_CONVERSION = YES;
				GCC_WARN_ABOUT_RETURN_TYPE = YES_ERROR;
				GCC_WARN_UNDECLARED_SELECTOR = YES;
				GCC_WARN_UNINITIALIZED_AUTOS = YES_AGGRESSIVE;
				GCC_WARN_UNUSED_FUNCTION = YES;
				GCC_WARN_UNUSED_VARIABLE = YES;
				IPHONEOS_DEPLOYMENT_TARGET = 18.4;
				LOCALIZATION_PREFERS_STRING_CATALOGS = YES;
				MTL_ENABLE_DEBUG_INFO = INCLUDE_SOURCE;
				MTL_FAST_MATH = YES;
				ONLY_ACTIVE_ARCH = YES;
				SDKROOT = iphoneos;
				SWIFT_ACTIVE_COMPILATION_CONDITIONS = "DEBUG $(inherited)";
				SWIFT_OPTIMIZATION_LEVEL = "-Onone";
			};
			name = Debug;
		};
		D53ACB782DB18B9000CE4D45 /* Release */ = {
			isa = XCBuildConfiguration;
			buildSettings = {
				ALWAYS_SEARCH_USER_PATHS = NO;
				ASSETCATALOG_COMPILER_GENERATE_SWIFT_ASSET_SYMBOL_EXTENSIONS = YES;
				CLANG_ANALYZER_NONNULL = YES;
				CLANG_ANALYZER_NUMBER_OBJECT_CONVERSION = YES_AGGRESSIVE;
				CLANG_CXX_LANGUAGE_STANDARD = "gnu++20";
				CLANG_ENABLE_MODULES = YES;
				CLANG_ENABLE_OBJC_ARC = YES;
				CLANG_ENABLE_OBJC_WEAK = YES;
				CLANG_WARN_BLOCK_CAPTURE_AUTORELEASING = YES;
				CLANG_WARN_BOOL_CONVERSION = YES;
				CLANG_WARN_COMMA = YES;
				CLANG_WARN_CONSTANT_CONVERSION = YES;
				CLANG_WARN_DEPRECATED_OBJC_IMPLEMENTATIONS = YES;
				CLANG_WARN_DIRECT_OBJC_ISA_USAGE = YES_ERROR;
				CLANG_WARN_DOCUMENTATION_COMMENTS = YES;
				CLANG_WARN_EMPTY_BODY = YES;
				CLANG_WARN_ENUM_CONVERSION = YES;
				CLANG_WARN_INFINITE_RECURSION = YES;
				CLANG_WARN_INT_CONVERSION = YES;
				CLANG_WARN_NON_LITERAL_NULL_CONVERSION = YES;
				CLANG_WARN_OBJC_IMPLICIT_RETAIN_SELF = YES;
				CLANG_WARN_OBJC_LITERAL_CONVERSION = YES;
				CLANG_WARN_OBJC_ROOT_CLASS = YES_ERROR;
				CLANG_WARN_QUOTED_INCLUDE_IN_FRAMEWORK_HEADER = YES;
				CLANG_WARN_RANGE_LOOP_ANALYSIS = YES;
				CLANG_WARN_STRICT_PROTOTYPES = YES;
				CLANG_WARN_SUSPICIOUS_MOVE = YES;
				CLANG_WARN_UNGUARDED_AVAILABILITY = YES_AGGRESSIVE;
				CLANG_WARN_UNREACHABLE_CODE = YES;
				CLANG_WARN__DUPLICATE_METHOD_MATCH = YES;
				COPY_PHASE_STRIP = NO;
				DEBUG_INFORMATION_FORMAT = "dwarf-with-dsym";
				ENABLE_NS_ASSERTIONS = NO;
				ENABLE_STRICT_OBJC_MSGSEND = YES;
				ENABLE_USER_SCRIPT_SANDBOXING = YES;
				GCC_C_LANGUAGE_STANDARD = gnu17;
				GCC_NO_COMMON_BLOCKS = YES;
				GCC_WARN_64_TO_32_BIT_CONVERSION = YES;
				GCC_WARN_ABOUT_RETURN_TYPE = YES_ERROR;
				GCC_WARN_UNDECLARED_SELECTOR = YES;
				GCC_WARN_UNINITIALIZED_AUTOS = YES_AGGRESSIVE;
				GCC_WARN_UNUSED_FUNCTION = YES;
				GCC_WARN_UNUSED_VARIABLE = YES;
				IPHONEOS_DEPLOYMENT_TARGET = 18.4;
				LOCALIZATION_PREFERS_STRING_CATALOGS = YES;
				MTL_ENABLE_DEBUG_INFO = NO;
				MTL_FAST_MATH = YES;
				SDKROOT = iphoneos;
				SWIFT_COMPILATION_MODE = wholemodule;
				VALIDATE_PRODUCT = YES;
			};
			name = Release;
		};
		D53ACB7A2DB18B9000CE4D45 /* Debug */ = {
			isa = XCBuildConfiguration;
			buildSettings = {
				ASSETCATALOG_COMPILER_APPICON_NAME = AppIcon;
				ASSETCATALOG_COMPILER_GLOBAL_ACCENT_COLOR_NAME = AccentColor;
				CODE_SIGN_STYLE = Automatic;
				CURRENT_PROJECT_VERSION = 1;
				DEBUG_INFORMATION_FORMAT = "dwarf-with-dsym";
				DEVELOPMENT_TEAM = 2L2F7WTWVN;
				ENABLE_PREVIEWS = YES;
				ENABLE_USER_SCRIPT_SANDBOXING = NO;
				GENERATE_INFOPLIST_FILE = YES;
				INFOPLIST_KEY_UIApplicationSceneManifest_Generation = YES;
				INFOPLIST_KEY_UIApplicationSupportsIndirectInputEvents = YES;
				INFOPLIST_KEY_UILaunchScreen_Generation = YES;
				INFOPLIST_KEY_UISupportedInterfaceOrientations_iPad = "UIInterfaceOrientationPortrait UIInterfaceOrientationPortraitUpsideDown UIInterfaceOrientationLandscapeLeft UIInterfaceOrientationLandscapeRight";
				INFOPLIST_KEY_UISupportedInterfaceOrientations_iPhone = "UIInterfaceOrientationPortrait UIInterfaceOrientationLandscapeLeft UIInterfaceOrientationLandscapeRight";
				LD_RUNPATH_SEARCH_PATHS = (
					"$(inherited)",
					"@executable_path/Frameworks",
				);
				MARKETING_VERSION = 1.0;
				PRODUCT_BUNDLE_IDENTIFIER = "noxlovette.Ogonek-Swift";
				PRODUCT_NAME = "$(TARGET_NAME)";
				SWIFT_EMIT_LOC_STRINGS = YES;
				SWIFT_VERSION = 5.0;
				TARGETED_DEVICE_FAMILY = "1,2";
			};
			name = Debug;
		};
		D53ACB7B2DB18B9000CE4D45 /* Release */ = {
			isa = XCBuildConfiguration;
			buildSettings = {
				ASSETCATALOG_COMPILER_APPICON_NAME = AppIcon;
				ASSETCATALOG_COMPILER_GLOBAL_ACCENT_COLOR_NAME = AccentColor;
				CODE_SIGN_STYLE = Automatic;
				CURRENT_PROJECT_VERSION = 1;
				DEBUG_INFORMATION_FORMAT = "dwarf-with-dsym";
				DEVELOPMENT_TEAM = 2L2F7WTWVN;
				ENABLE_PREVIEWS = YES;
				ENABLE_USER_SCRIPT_SANDBOXING = NO;
				GENERATE_INFOPLIST_FILE = YES;
				INFOPLIST_KEY_UIApplicationSceneManifest_Generation = YES;
				INFOPLIST_KEY_UIApplicationSupportsIndirectInputEvents = YES;
				INFOPLIST_KEY_UILaunchScreen_Generation = YES;
				INFOPLIST_KEY_UISupportedInterfaceOrientations_iPad = "UIInterfaceOrientationPortrait UIInterfaceOrientationPortraitUpsideDown UIInterfaceOrientationLandscapeLeft UIInterfaceOrientationLandscapeRight";
				INFOPLIST_KEY_UISupportedInterfaceOrientations_iPhone = "UIInterfaceOrientationPortrait UIInterfaceOrientationLandscapeLeft UIInterfaceOrientationLandscapeRight";
				LD_RUNPATH_SEARCH_PATHS = (
					"$(inherited)",
					"@executable_path/Frameworks",
				);
				MARKETING_VERSION = 1.0;
				PRODUCT_BUNDLE_IDENTIFIER = "noxlovette.Ogonek-Swift";
				PRODUCT_NAME = "$(TARGET_NAME)";
				SWIFT_EMIT_LOC_STRINGS = YES;
				SWIFT_VERSION = 5.0;
				TARGETED_DEVICE_FAMILY = "1,2";
			};
			name = Release;
		};
		D53ACB7D2DB18B9000CE4D45 /* Debug */ = {
			isa = XCBuildConfiguration;
			buildSettings = {
				BUNDLE_LOADER = "$(TEST_HOST)";
				CODE_SIGN_STYLE = Automatic;
				CURRENT_PROJECT_VERSION = 1;
				GENERATE_INFOPLIST_FILE = YES;
				IPHONEOS_DEPLOYMENT_TARGET = 18.4;
				MARKETING_VERSION = 1.0;
				PRODUCT_BUNDLE_IDENTIFIER = "noxlovette.Ogonek-SwiftTests";
				PRODUCT_NAME = "$(TARGET_NAME)";
				SWIFT_EMIT_LOC_STRINGS = NO;
				SWIFT_VERSION = 5.0;
				TARGETED_DEVICE_FAMILY = "1,2";
				TEST_HOST = "$(BUILT_PRODUCTS_DIR)/Ogonek.app/$(BUNDLE_EXECUTABLE_FOLDER_PATH)/Ogonek";
			};
			name = Debug;
		};
		D53ACB7E2DB18B9000CE4D45 /* Release */ = {
			isa = XCBuildConfiguration;
			buildSettings = {
				BUNDLE_LOADER = "$(TEST_HOST)";
				CODE_SIGN_STYLE = Automatic;
				CURRENT_PROJECT_VERSION = 1;
				GENERATE_INFOPLIST_FILE = YES;
				IPHONEOS_DEPLOYMENT_TARGET = 18.4;
				MARKETING_VERSION = 1.0;
				PRODUCT_BUNDLE_IDENTIFIER = "noxlovette.Ogonek-SwiftTests";
				PRODUCT_NAME = "$(TARGET_NAME)";
				SWIFT_EMIT_LOC_STRINGS = NO;
				SWIFT_VERSION = 5.0;
				TARGETED_DEVICE_FAMILY = "1,2";
				TEST_HOST = "$(BUILT_PRODUCTS_DIR)/Ogonek.app/$(BUNDLE_EXECUTABLE_FOLDER_PATH)/Ogonek";
			};
			name = Release;
		};
		D53ACB802DB18B9000CE4D45 /* Debug */ = {
			isa = XCBuildConfiguration;
			buildSettings = {
				CODE_SIGN_STYLE = Automatic;
				CURRENT_PROJECT_VERSION = 1;
				GENERATE_INFOPLIST_FILE = YES;
				MARKETING_VERSION = 1.0;
				PRODUCT_BUNDLE_IDENTIFIER = "noxlovette.Ogonek-SwiftUITests";
				PRODUCT_NAME = "$(TARGET_NAME)";
				SWIFT_EMIT_LOC_STRINGS = NO;
				SWIFT_VERSION = 5.0;
				TARGETED_DEVICE_FAMILY = "1,2";
				TEST_TARGET_NAME = "Ogonek Swift";
			};
			name = Debug;
		};
		D53ACB812DB18B9000CE4D45 /* Release */ = {
			isa = XCBuildConfiguration;
			buildSettings = {
				CODE_SIGN_STYLE = Automatic;
				CURRENT_PROJECT_VERSION = 1;
				GENERATE_INFOPLIST_FILE = YES;
				MARKETING_VERSION = 1.0;
				PRODUCT_BUNDLE_IDENTIFIER = "noxlovette.Ogonek-SwiftUITests";
				PRODUCT_NAME = "$(TARGET_NAME)";
				SWIFT_EMIT_LOC_STRINGS = NO;
				SWIFT_VERSION = 5.0;
				TARGETED_DEVICE_FAMILY = "1,2";
				TEST_TARGET_NAME = "Ogonek Swift";
			};
			name = Release;
		};
/* End XCBuildConfiguration section */

/* Begin XCConfigurationList section */
		D53ACB512DB18B8F00CE4D45 /* Build configuration list for PBXProject "Ogonek" */ = {
			isa = XCConfigurationList;
			buildConfigurations = (
				D53ACB772DB18B9000CE4D45 /* Debug */,
				D53ACB782DB18B9000CE4D45 /* Release */,
			);
			defaultConfigurationIsVisible = 0;
			defaultConfigurationName = Release;
		};
		D53ACB792DB18B9000CE4D45 /* Build configuration list for PBXNativeTarget "Ogonek" */ = {
			isa = XCConfigurationList;
			buildConfigurations = (
				D53ACB7A2DB18B9000CE4D45 /* Debug */,
				D53ACB7B2DB18B9000CE4D45 /* Release */,
			);
			defaultConfigurationIsVisible = 0;
			defaultConfigurationName = Release;
		};
		D53ACB7C2DB18B9000CE4D45 /* Build configuration list for PBXNativeTarget "OgonekTests" */ = {
			isa = XCConfigurationList;
			buildConfigurations = (
				D53ACB7D2DB18B9000CE4D45 /* Debug */,
				D53ACB7E2DB18B9000CE4D45 /* Release */,
			);
			defaultConfigurationIsVisible = 0;
			defaultConfigurationName = Release;
		};
		D53ACB7F2DB18B9000CE4D45 /* Build configuration list for PBXNativeTarget "OgonekUITests" */ = {
			isa = XCConfigurationList;
			buildConfigurations = (
				D53ACB802DB18B9000CE4D45 /* Debug */,
				D53ACB812DB18B9000CE4D45 /* Release */,
			);
			defaultConfigurationIsVisible = 0;
			defaultConfigurationName = Release;
		};
/* End XCConfigurationList section */

/* Begin XCRemoteSwiftPackageReference section */
		3E08019C3C354FB0A4397C32 /* XCRemoteSwiftPackageReference "sentry-cocoa" */ = {
			isa = XCRemoteSwiftPackageReference;
			repositoryURL = "https://github.com/getsentry/sentry-cocoa/";
			requirement = {
				kind = upToNextMajorVersion;
				minimumVersion = 8.0.0;
			};
		};
		D5A4B6482DC155A700520DD1 /* XCRemoteSwiftPackageReference "swift-markdown-ui" */ = {
			isa = XCRemoteSwiftPackageReference;
			repositoryURL = "https://github.com/gonzalezreal/swift-markdown-ui";
			requirement = {
				kind = upToNextMajorVersion;
				minimumVersion = 2.4.1;
			};
		};
/* End XCRemoteSwiftPackageReference section */

/* Begin XCSwiftPackageProductDependency section */
		8057D3D7E81148768B568F9D /* Sentry */ = {
			isa = XCSwiftPackageProductDependency;
			package = 3E08019C3C354FB0A4397C32 /* XCRemoteSwiftPackageReference "sentry-cocoa" */;
			productName = Sentry;
		};
		D59C2F9F2DC15848000610EE /* MarkdownUI */ = {
			isa = XCSwiftPackageProductDependency;
			package = D5A4B6482DC155A700520DD1 /* XCRemoteSwiftPackageReference "swift-markdown-ui" */;
			productName = MarkdownUI;
		};
/* End XCSwiftPackageProductDependency section */
	};
	rootObject = D53ACB4E2DB18B8F00CE4D45 /* Project object */;
}
